// !$*UTF8*$!
{
	archiveVersion = 1;
	classes = {
	};
	objectVersion = 50;
	objects = {

/* Begin PBXBuildFile section */
		D079EBD5229638FF00A8B0A3 /* AppDelegate.m in Sources */ = {isa = PBXBuildFile; fileRef = D079EBD4229638FF00A8B0A3 /* AppDelegate.m */; };
		D079EBD72296390000A8B0A3 /* Assets.xcassets in Resources */ = {isa = PBXBuildFile; fileRef = D079EBD62296390000A8B0A3 /* Assets.xcassets */; };
		D079EBDA2296390000A8B0A3 /* MainMenu.xib in Resources */ = {isa = PBXBuildFile; fileRef = D079EBD82296390000A8B0A3 /* MainMenu.xib */; };
		D079EBDD2296390000A8B0A3 /* main.m in Sources */ = {isa = PBXBuildFile; fileRef = D079EBDC2296390000A8B0A3 /* main.m */; };
		D079EBE622963B4E00A8B0A3 /* DragAndDropView.m in Sources */ = {isa = PBXBuildFile; fileRef = D079EBE522963B4E00A8B0A3 /* DragAndDropView.m */; };
/* End PBXBuildFile section */

/* Begin PBXFileReference section */
		D079EBD0229638FF00A8B0A3 /* DragAndDropSample.app */ = {isa = PBXFileReference; explicitFileType = wrapper.application; includeInIndex = 0; path = DragAndDropSample.app; sourceTree = BUILT_PRODUCTS_DIR; };
		D079EBD3229638FF00A8B0A3 /* AppDelegate.h */ = {isa = PBXFileReference; lastKnownFileType = sourcecode.c.h; path = AppDelegate.h; sourceTree = "<group>"; };
		D079EBD4229638FF00A8B0A3 /* AppDelegate.m */ = {isa = PBXFileReference; lastKnownFileType = sourcecode.c.objc; path = AppDelegate.m; sourceTree = "<group>"; };
		D079EBD62296390000A8B0A3 /* Assets.xcassets */ = {isa = PBXFileReference; lastKnownFileType = folder.assetcatalog; path = Assets.xcassets; sourceTree = "<group>"; };
		D079EBD92296390000A8B0A3 /* Base */ = {isa = PBXFileReference; lastKnownFileType = file.xib; name = Base; path = Base.lproj/MainMenu.xib; sourceTree = "<group>"; };
		D079EBDB2296390000A8B0A3 /* Info.plist */ = {isa = PBXFileReference; lastKnownFileType = text.plist.xml; path = Info.plist; sourceTree = "<group>"; };
		D079EBDC2296390000A8B0A3 /* main.m */ = {isa = PBXFileReference; lastKnownFileType = sourcecode.c.objc; path = main.m; sourceTree = "<group>"; };
		D079EBDE2296390000A8B0A3 /* DragAndDropSample.entitlements */ = {isa = PBXFileReference; lastKnownFileType = text.plist.entitlements; path = DragAndDropSample.entitlements; sourceTree = "<group>"; };
		D079EBE422963B4E00A8B0A3 /* DragAndDropView.h */ = {isa = PBXFileReference; lastKnownFileType = sourcecode.c.h; path = DragAndDropView.h; sourceTree = "<group>"; };
		D079EBE522963B4E00A8B0A3 /* DragAndDropView.m */ = {isa = PBXFileReference; lastKnownFileType = sourcecode.c.objc; path = DragAndDropView.m; sourceTree = "<group>"; };
/* End PBXFileReference section */

/* Begin PBXFrameworksBuildPhase section */
		D079EBCD229638FF00A8B0A3 /* Frameworks */ = {
			isa = PBXFrameworksBuildPhase;
			buildActionMask = 2147483647;
			files = (
			);
			runOnlyForDeploymentPostprocessing = 0;
		};
/* End PBXFrameworksBuildPhase section */

/* Begin PBXGroup section */
		D079EBC7229638FF00A8B0A3 = {
			isa = PBXGroup;
			children = (
				D079EBD2229638FF00A8B0A3 /* DragAndDropSample */,
				D079EBD1229638FF00A8B0A3 /* Products */,
			);
			sourceTree = "<group>";
		};
		D079EBD1229638FF00A8B0A3 /* Products */ = {
			isa = PBXGroup;
			children = (
				D079EBD0229638FF00A8B0A3 /* DragAndDropSample.app */,
			);
			name = Products;
			sourceTree = "<group>";
		};
		D079EBD2229638FF00A8B0A3 /* DragAndDropSample */ = {
			isa = PBXGroup;
			children = (
				D079EBD3229638FF00A8B0A3 /* AppDelegate.h */,
				D079EBD4229638FF00A8B0A3 /* AppDelegate.m */,
				D079EBE422963B4E00A8B0A3 /* DragAndDropView.h */,
				D079EBE522963B4E00A8B0A3 /* DragAndDropView.m */,
				D079EBD62296390000A8B0A3 /* Assets.xcassets */,
				D079EBD82296390000A8B0A3 /* MainMenu.xib */,
				D079EBDB2296390000A8B0A3 /* Info.plist */,
				D079EBDC2296390000A8B0A3 /* main.m */,
				D079EBDE2296390000A8B0A3 /* DragAndDropSample.entitlements */,
			);
			path = DragAndDropSample;
			sourceTree = "<group>";
		};
/* End PBXGroup section */

/* Begin PBXNativeTarget section */
		D079EBCF229638FF00A8B0A3 /* DragAndDropSample */ = {
			isa = PBXNativeTarget;
			buildConfigurationList = D079EBE12296390000A8B0A3 /* Build configuration list for PBXNativeTarget "DragAndDropSample" */;
			buildPhases = (
				D079EBCC229638FF00A8B0A3 /* Sources */,
				D079EBCD229638FF00A8B0A3 /* Frameworks */,
				D079EBCE229638FF00A8B0A3 /* Resources */,
			);
			buildRules = (
			);
			dependencies = (
			);
			name = DragAndDropSample;
			productName = DragAndDropSample;
			productReference = D079EBD0229638FF00A8B0A3 /* DragAndDropSample.app */;
			productType = "com.apple.product-type.application";
		};
/* End PBXNativeTarget section */

/* Begin PBXProject section */
		D079EBC8229638FF00A8B0A3 /* Project object */ = {
			isa = PBXProject;
			attributes = {
				LastUpgradeCheck = 1010;
				ORGANIZATIONNAME = hikeuchi;
				TargetAttributes = {
					D079EBCF229638FF00A8B0A3 = {
						CreatedOnToolsVersion = 10.1;
					};
				};
			};
			buildConfigurationList = D079EBCB229638FF00A8B0A3 /* Build configuration list for PBXProject "DragAndDropSample" */;
			compatibilityVersion = "Xcode 9.3";
			developmentRegion = en;
			hasScannedForEncodings = 0;
			knownRegions = (
				en,
				Base,
			);
			mainGroup = D079EBC7229638FF00A8B0A3;
			productRefGroup = D079EBD1229638FF00A8B0A3 /* Products */;
			projectDirPath = "";
			projectRoot = "";
			targets = (
				D079EBCF229638FF00A8B0A3 /* DragAndDropSample */,
			);
		};
/* End PBXProject section */

/* Begin PBXResourcesBuildPhase section */
		D079EBCE229638FF00A8B0A3 /* Resources */ = {
			isa = PBXResourcesBuildPhase;
			buildActionMask = 2147483647;
			files = (
				D079EBD72296390000A8B0A3 /* Assets.xcassets in Resources */,
				D079EBDA2296390000A8B0A3 /* MainMenu.xib in Resources */,
			);
			runOnlyForDeploymentPostprocessing = 0;
		};
/* End PBXResourcesBuildPhase section */

/* Begin PBXSourcesBuildPhase section */
		D079EBCC229638FF00A8B0A3 /* Sources */ = {
			isa = PBXSourcesBuildPhase;
			buildActionMask = 2147483647;
			files = (
				D079EBDD2296390000A8B0A3 /* main.m in Sources */,
				D079EBD5229638FF00A8B0A3 /* AppDelegate.m in Sources */,
				D079EBE622963B4E00A8B0A3 /* DragAndDropView.m in Sources */,
			);
			runOnlyForDeploymentPostprocessing = 0;
		};
/* End PBXSourcesBuildPhase section */

/* Begin PBXVariantGroup section */
		D079EBD82296390000A8B0A3 /* MainMenu.xib */ = {
			isa = PBXVariantGroup;
			children = (
				D079EBD92296390000A8B0A3 /* Base */,
			);
			name = MainMenu.xib;
			sourceTree = "<group>";
		};
/* End PBXVariantGroup section */

/* Begin XCBuildConfiguration section */
		D079EBDF2296390000A8B0A3 /* Debug */ = {
			isa = XCBuildConfiguration;
			buildSettings = {
				ALWAYS_SEARCH_USER_PATHS = NO;
				CLANG_ANALYZER_NONNULL = YES;
				CLANG_ANALYZER_NUMBER_OBJECT_CONVERSION = YES_AGGRESSIVE;
				CLANG_CXX_LANGUAGE_STANDARD = "gnu++14";
				CLANG_CXX_LIBRARY = "libc++";
				CLANG_ENABLE_MODULES = YES;
				CLANG_ENABLE_OBJC_ARC = YES;
				CLANG_ENABLE_OBJC_WEAK = YES;
				CLANG_WARN_BLOCK_CAPTURE_AUTORELEASING = YES;
				CLANG_WARN_BOOL_CONVERSION = YES;
				CLANG_WARN_COMMA = YES;
				CLANG_WARN_CONSTANT_CONVERSION = YES;
				CLANG_WARN_DEPRECATED_OBJC_IMPLEMENTATIONS = YES;
				CLANG_WARN_DIRECT_OBJC_ISA_USAGE = YES_ERROR;
				CLANG_WARN_DOCUMENTATION_COMMENTS = YES;
				CLANG_WARN_EMPTY_BODY = YES;
				CLANG_WARN_ENUM_CONVERSION = YES;
				CLANG_WARN_INFINITE_RECURSION = YES;
				CLANG_WARN_INT_CONVERSION = YES;
				CLANG_WARN_NON_LITERAL_NULL_CONVERSION = YES;
				CLANG_WARN_OBJC_IMPLICIT_RETAIN_SELF = YES;
				CLANG_WARN_OBJC_LITERAL_CONVERSION = YES;
				CLANG_WARN_OBJC_ROOT_CLASS = YES_ERROR;
				CLANG_WARN_RANGE_LOOP_ANALYSIS = YES;
				CLANG_WARN_STRICT_PROTOTYPES = YES;
				CLANG_WARN_SUSPICIOUS_MOVE = YES;
				CLANG_WARN_UNGUARDED_AVAILABILITY = YES_AGGRESSIVE;
				CLANG_WARN_UNREACHABLE_CODE = YES;
				CLANG_WARN__DUPLICATE_METHOD_MATCH = YES;
				CODE_SIGN_IDENTITY = "-";
				COPY_PHASE_STRIP = NO;
				DEBUG_INFORMATION_FORMAT = dwarf;
				ENABLE_STRICT_OBJC_MSGSEND = YES;
				ENABLE_TESTABILITY = YES;
				GCC_C_LANGUAGE_STANDARD = gnu11;
				GCC_DYNAMIC_NO_PIC = NO;
				GCC_NO_COMMON_BLOCKS = YES;
				GCC_OPTIMIZATION_LEVEL = 0;
				GCC_PREPROCESSOR_DEFINITIONS = (
					"DEBUG=1",
					"$(inherited)",
				);
				GCC_WARN_64_TO_32_BIT_CONVERSION = YES;
				GCC_WARN_ABOUT_RETURN_TYPE = YES_ERROR;
				GCC_WARN_UNDECLARED_SELECTOR = YES;
				GCC_WARN_UNINITIALIZED_AUTOS = YES_AGGRESSIVE;
				GCC_WARN_UNUSED_FUNCTION = YES;
				GCC_WARN_UNUSED_VARIABLE = YES;
				MACOSX_DEPLOYMENT_TARGET = 10.13;
				MTL_ENABLE_DEBUG_INFO = INCLUDE_SOURCE;
				MTL_FAST_MATH = YES;
				ONLY_ACTIVE_ARCH = YES;
				SDKROOT = macosx;
			};
			name = Debug;
		};
		D079EBE02296390000A8B0A3 /* Release */ = {
			isa = XCBuildConfiguration;
			buildSettings = {
				ALWAYS_SEARCH_USER_PATHS = NO;
				CLANG_ANALYZER_NONNULL = YES;
				CLANG_ANALYZER_NUMBER_OBJECT_CONVERSION = YES_AGGRESSIVE;
				CLANG_CXX_LANGUAGE_STANDARD = "gnu++14";
				CLANG_CXX_LIBRARY = "libc++";
				CLANG_ENABLE_MODULES = YES;
				CLANG_ENABLE_OBJC_ARC = YES;
				CLANG_ENABLE_OBJC_WEAK = YES;
				CLANG_WARN_BLOCK_CAPTURE_AUTORELEASING = YES;
				CLANG_WARN_BOOL_CONVERSION = YES;
				CLANG_WARN_COMMA = YES;
				CLANG_WARN_CONSTANT_CONVERSION = YES;
				CLANG_WARN_DEPRECATED_OBJC_IMPLEMENTATIONS = YES;
				CLANG_WARN_DIRECT_OBJC_ISA_USAGE = YES_ERROR;
				CLANG_WARN_DOCUMENTATION_COMMENTS = YES;
				CLANG_WARN_EMPTY_BODY = YES;
				CLANG_WARN_ENUM_CONVERSION = YES;
				CLANG_WARN_INFINITE_RECURSION = YES;
				CLANG_WARN_INT_CONVERSION = YES;
				CLANG_WARN_NON_LITERAL_NULL_CONVERSION = YES;
				CLANG_WARN_OBJC_IMPLICIT_RETAIN_SELF = YES;
				CLANG_WARN_OBJC_LITERAL_CONVERSION = YES;
				CLANG_WARN_OBJC_ROOT_CLASS = YES_ERROR;
				CLANG_WARN_RANGE_LOOP_ANALYSIS = YES;
				CLANG_WARN_STRICT_PROTOTYPES = YES;
				CLANG_WARN_SUSPICIOUS_MOVE = YES;
				CLANG_WARN_UNGUARDED_AVAILABILITY = YES_AGGRESSIVE;
				CLANG_WARN_UNREACHABLE_CODE = YES;
				CLANG_WARN__DUPLICATE_METHOD_MATCH = YES;
				CODE_SIGN_IDENTITY = "-";
				COPY_PHASE_STRIP = NO;
				DEBUG_INFORMATION_FORMAT = "dwarf-with-dsym";
				ENABLE_NS_ASSERTIONS = NO;
				ENABLE_STRICT_OBJC_MSGSEND = YES;
				GCC_C_LANGUAGE_STANDARD = gnu11;
				GCC_NO_COMMON_BLOCKS = YES;
				GCC_WARN_64_TO_32_BIT_CONVERSION = YES;
				GCC_WARN_ABOUT_RETURN_TYPE = YES_ERROR;
				GCC_WARN_UNDECLARED_SELECTOR = YES;
				GCC_WARN_UNINITIALIZED_AUTOS = YES_AGGRESSIVE;
				GCC_WARN_UNUSED_FUNCTION = YES;
				GCC_WARN_UNUSED_VARIABLE = YES;
				MACOSX_DEPLOYMENT_TARGET = 10.13;
				MTL_ENABLE_DEBUG_INFO = NO;
				MTL_FAST_MATH = YES;
				SDKROOT = macosx;
			};
			name = Release;
		};
		D079EBE22296390000A8B0A3 /* Debug */ = {
			isa = XCBuildConfiguration;
			buildSettings = {
				ASSETCATALOG_COMPILER_APPICON_NAME = AppIcon;
				CODE_SIGN_ENTITLEMENTS = DragAndDropSample/DragAndDropSample.entitlements;
				CODE_SIGN_STYLE = Automatic;
				COMBINE_HIDPI_IMAGES = YES;
				INFOPLIST_FILE = DragAndDropSample/Info.plist;
				LD_RUNPATH_SEARCH_PATHS = (
					"$(inherited)",
					"@executable_path/../Frameworks",
				);
				PRODUCT_BUNDLE_IDENTIFIER = jp.co.hikeuchi.DragAndDropSample;
				PRODUCT_NAME = "$(TARGET_NAME)";
			};
			name = Debug;
		};
		D079EBE32296390000A8B0A3 /* Release */ = {
			isa = XCBuildConfiguration;
			buildSettings = {
				ASSETCATALOG_COMPILER_APPICON_NAME = AppIcon;
				CODE_SIGN_ENTITLEMENTS = DragAndDropSample/DragAndDropSample.entitlements;
				CODE_SIGN_STYLE = Automatic;
				COMBINE_HIDPI_IMAGES = YES;
				INFOPLIST_FILE = DragAndDropSample/Info.plist;
				LD_RUNPATH_SEARCH_PATHS = (
					"$(inherited)",
					"@executable_path/../Frameworks",
				);
				PRODUCT_BUNDLE_IDENTIFIER = jp.co.hikeuchi.DragAndDropSample;
				PRODUCT_NAME = "$(TARGET_NAME)";
			};
			name = Release;
		};
/* End XCBuildConfiguration section */

/* Begin XCConfigurationList section */
		D079EBCB229638FF00A8B0A3 /* Build configuration list for PBXProject "DragAndDropSample" */ = {
			isa = XCConfigurationList;
			buildConfigurations = (
				D079EBDF2296390000A8B0A3 /* Debug */,
				D079EBE02296390000A8B0A3 /* Release */,
			);
			defaultConfigurationIsVisible = 0;
			defaultConfigurationName = Release;
		};
		D079EBE12296390000A8B0A3 /* Build configuration list for PBXNativeTarget "DragAndDropSample" */ = {
			isa = XCConfigurationList;
			buildConfigurations = (
				D079EBE22296390000A8B0A3 /* Debug */,
				D079EBE32296390000A8B0A3 /* Release */,
			);
			defaultConfigurationIsVisible = 0;
			defaultConfigurationName = Release;
		};
/* End XCConfigurationList section */
	};
	rootObject = D079EBC8229638FF00A8B0A3 /* Project object */;
}
